
Microsoft Visual Studio Solution File, Format Version 12.00
# Visual Studio Version 17
VisualStudioVersion = 17.0.31903.59
MinimumVisualStudioVersion = 10.0.40219.1
Project("{FAE04EC0-301F-11D3-BF4B-00C04F79EFBC}") = "Blzrc.Demo", "Blzrc.Demo\Blzrc.Demo.csproj", "{BE148BF2-473D-4492-95C3-91A5EF16A8FC}"
EndProject
Project("{FAE04EC0-301F-11D3-BF4B-00C04F79EFBC}") = "Blzrc.Components", "Blzrc.Components\Blzrc.Components.csproj", "{7B4C5D85-289B-478D-8956-066AE1054DF3}"
EndProject
Global
	GlobalSection(SolutionConfigurationPlatforms) = preSolution
		Debug|Any CPU = Debug|Any CPU
		Release|Any CPU = Release|Any CPU
	EndGlobalSection
	GlobalSection(SolutionProperties) = preSolution
		HideSolutionNode = FALSE
	EndGlobalSection
	GlobalSection(ProjectConfigurationPlatforms) = postSolution
		{BE148BF2-473D-4492-95C3-91A5EF16A8FC}.Debug|Any CPU.ActiveCfg = Debug|Any CPU
		{BE148BF2-473D-4492-95C3-91A5EF16A8FC}.Debug|Any CPU.Build.0 = Debug|Any CPU
		{BE148BF2-473D-4492-95C3-91A5EF16A8FC}.Release|Any CPU.ActiveCfg = Release|Any CPU
		{BE148BF2-473D-4492-95C3-91A5EF16A8FC}.Release|Any CPU.Build.0 = Release|Any CPU
		{7B4C5D85-289B-478D-8956-066AE1054DF3}.Debug|Any CPU.ActiveCfg = Debug|Any CPU
		{7B4C5D85-289B-478D-8956-066AE1054DF3}.Debug|Any CPU.Build.0 = Debug|Any CPU
		{7B4C5D85-289B-478D-8956-066AE1054DF3}.Release|Any CPU.ActiveCfg = Release|Any CPU
		{7B4C5D85-289B-478D-8956-066AE1054DF3}.Release|Any CPU.Build.0 = Release|Any CPU
	EndGlobalSection
EndGlobal
